
Microsoft Visual Studio Solution File, Format Version 12.00
# Visual Studio 14
VisualStudioVersion = 14.0.25420.1
MinimumVisualStudioVersion = 10.0.40219.1
Project("{2150E333-8FDC-42A3-9474-1A3956D46DE8}") = "Solution Items", "Solution Items", "{8532A527-C3FA-43E9-BC13-98DE0B682688}"
	ProjectSection(SolutionItems) = preProject
		..\.gitignore = ..\.gitignore
		..\README.md = ..\README.md
	EndProjectSection
EndProject
Project("{2150E333-8FDC-42A3-9474-1A3956D46DE8}") = "Backend", "Backend", "{C9FC7D4B-88F4-464C-8D5C-FBE661AAA3BD}"
EndProject
Project("{2150E333-8FDC-42A3-9474-1A3956D46DE8}") = "Frontend", "Frontend", "{543A940B-8CFD-43E3-B3C2-49ED98460D96}"
EndProject
Project("{FAE04EC0-301F-11D3-BF4B-00C04F79EFBC}") = "Domain", "Backend\Domain\Domain.csproj", "{BC80186F-F4BA-47E7-8530-3ECBCBE614FA}"
EndProject
Project("{FAE04EC0-301F-11D3-BF4B-00C04F79EFBC}") = "Domain.Tests", "Backend\Domain.Tests\Domain.Tests.csproj", "{10819CDB-B743-4F7C-9ED8-D2F189DD5F9C}"
EndProject
Project("{FAE04EC0-301F-11D3-BF4B-00C04F79EFBC}") = "Infrastructure", "Backend\Infrastructure\Infrastructure.csproj", "{743C319B-A087-4EF0-AAC4-1260E18A9C67}"
EndProject
Project("{FAE04EC0-301F-11D3-BF4B-00C04F79EFBC}") = "Service", "Backend\Service\Service.csproj", "{5CE16390-09C9-46D1-9754-0153DFBFBA78}"
EndProject
Project("{2150E333-8FDC-42A3-9474-1A3956D46DE8}") = "Web", "Web", "{E9BFE24D-EE51-4F0D-837C-FCAFA0CD4965}"
EndProject
Project("{2150E333-8FDC-42A3-9474-1A3956D46DE8}") = "Desktop", "Desktop", "{2582D89F-D8D1-4957-A01A-9EA02163A72A}"
EndProject
Project("{FAE04EC0-301F-11D3-BF4B-00C04F79EFBC}") = "Client.WPF", "Frontend\Desktop\Client.WPF\Client.WPF.csproj", "{84BDFB69-9992-45DC-B66B-0875BBDB7945}"
EndProject
Global
	GlobalSection(SolutionConfigurationPlatforms) = preSolution
		Debug|Any CPU = Debug|Any CPU
		Release|Any CPU = Release|Any CPU
	EndGlobalSection
	GlobalSection(ProjectConfigurationPlatforms) = postSolution
		{BC80186F-F4BA-47E7-8530-3ECBCBE614FA}.Debug|Any CPU.ActiveCfg = Debug|Any CPU
		{BC80186F-F4BA-47E7-8530-3ECBCBE614FA}.Debug|Any CPU.Build.0 = Debug|Any CPU
		{BC80186F-F4BA-47E7-8530-3ECBCBE614FA}.Release|Any CPU.ActiveCfg = Release|Any CPU
		{BC80186F-F4BA-47E7-8530-3ECBCBE614FA}.Release|Any CPU.Build.0 = Release|Any CPU
		{10819CDB-B743-4F7C-9ED8-D2F189DD5F9C}.Debug|Any CPU.ActiveCfg = Debug|Any CPU
		{10819CDB-B743-4F7C-9ED8-D2F189DD5F9C}.Debug|Any CPU.Build.0 = Debug|Any CPU
		{10819CDB-B743-4F7C-9ED8-D2F189DD5F9C}.Release|Any CPU.ActiveCfg = Release|Any CPU
		{10819CDB-B743-4F7C-9ED8-D2F189DD5F9C}.Release|Any CPU.Build.0 = Release|Any CPU
		{743C319B-A087-4EF0-AAC4-1260E18A9C67}.Debug|Any CPU.ActiveCfg = Debug|Any CPU
		{743C319B-A087-4EF0-AAC4-1260E18A9C67}.Debug|Any CPU.Build.0 = Debug|Any CPU
		{743C319B-A087-4EF0-AAC4-1260E18A9C67}.Release|Any CPU.ActiveCfg = Release|Any CPU
		{743C319B-A087-4EF0-AAC4-1260E18A9C67}.Release|Any CPU.Build.0 = Release|Any CPU
		{5CE16390-09C9-46D1-9754-0153DFBFBA78}.Debug|Any CPU.ActiveCfg = Debug|Any CPU
		{5CE16390-09C9-46D1-9754-0153DFBFBA78}.Debug|Any CPU.Build.0 = Debug|Any CPU
		{5CE16390-09C9-46D1-9754-0153DFBFBA78}.Release|Any CPU.ActiveCfg = Release|Any CPU
		{5CE16390-09C9-46D1-9754-0153DFBFBA78}.Release|Any CPU.Build.0 = Release|Any CPU
		{84BDFB69-9992-45DC-B66B-0875BBDB7945}.Debug|Any CPU.ActiveCfg = Debug|Any CPU
		{84BDFB69-9992-45DC-B66B-0875BBDB7945}.Debug|Any CPU.Build.0 = Debug|Any CPU
		{84BDFB69-9992-45DC-B66B-0875BBDB7945}.Release|Any CPU.ActiveCfg = Release|Any CPU
		{84BDFB69-9992-45DC-B66B-0875BBDB7945}.Release|Any CPU.Build.0 = Release|Any CPU
	EndGlobalSection
	GlobalSection(SolutionProperties) = preSolution
		HideSolutionNode = FALSE
	EndGlobalSection
	GlobalSection(NestedProjects) = preSolution
		{BC80186F-F4BA-47E7-8530-3ECBCBE614FA} = {C9FC7D4B-88F4-464C-8D5C-FBE661AAA3BD}
		{10819CDB-B743-4F7C-9ED8-D2F189DD5F9C} = {C9FC7D4B-88F4-464C-8D5C-FBE661AAA3BD}
		{743C319B-A087-4EF0-AAC4-1260E18A9C67} = {C9FC7D4B-88F4-464C-8D5C-FBE661AAA3BD}
		{5CE16390-09C9-46D1-9754-0153DFBFBA78} = {C9FC7D4B-88F4-464C-8D5C-FBE661AAA3BD}
		{E9BFE24D-EE51-4F0D-837C-FCAFA0CD4965} = {543A940B-8CFD-43E3-B3C2-49ED98460D96}
		{2582D89F-D8D1-4957-A01A-9EA02163A72A} = {543A940B-8CFD-43E3-B3C2-49ED98460D96}
		{84BDFB69-9992-45DC-B66B-0875BBDB7945} = {2582D89F-D8D1-4957-A01A-9EA02163A72A}
	EndGlobalSection
EndGlobal
